// !$*UTF8*$!
{
	archiveVersion = 1;
	classes = {
	};
	objectVersion = 46;
	objects = {

/* Begin PBXBuildFile section */
		3219C4561A7AD5AD00C3ADEB /* Social.framework in Frameworks */ = {isa = PBXBuildFile; fileRef = 3219C4551A7AD5AD00C3ADEB /* Social.framework */; };
		3219C4581A7B03E400C3ADEB /* Tweet.swift in Sources */ = {isa = PBXBuildFile; fileRef = 3219C4571A7B03E400C3ADEB /* Tweet.swift */; };
		3219C45A1A7B067600C3ADEB /* TweetTableViewCell.swift in Sources */ = {isa = PBXBuildFile; fileRef = 3219C4591A7B067600C3ADEB /* TweetTableViewCell.swift */; };
		32E186081A79A75E004EC0B9 /* TweetTableViewCell.xib in Resources */ = {isa = PBXBuildFile; fileRef = 32E186071A79A75E004EC0B9 /* TweetTableViewCell.xib */; };
		6448E4071A7B067B00FB98CA /* EventHeaderView.swift in Sources */ = {isa = PBXBuildFile; fileRef = 6448E4061A7B067B00FB98CA /* EventHeaderView.swift */; };
		64ADB37C1A7C81D900E5BC22 /* AboutViewController.swift in Sources */ = {isa = PBXBuildFile; fileRef = 64ADB37B1A7C81D900E5BC22 /* AboutViewController.swift */; };
		64ADB37E1A7CB1DD00E5BC22 /* LicensesViewController.swift in Sources */ = {isa = PBXBuildFile; fileRef = 64ADB37D1A7CB1DD00E5BC22 /* LicensesViewController.swift */; };
		64ADB3801A7CD36000E5BC22 /* LicenseViewController.swift in Sources */ = {isa = PBXBuildFile; fileRef = 64ADB37F1A7CD36000E5BC22 /* LicenseViewController.swift */; };
		64CD922F1A7A051E00659946 /* EventViewController.swift in Sources */ = {isa = PBXBuildFile; fileRef = 64CD922E1A7A051E00659946 /* EventViewController.swift */; };
		64D4AF631A75CDA80040D3CA /* AppDelegate.swift in Sources */ = {isa = PBXBuildFile; fileRef = 64D4AF621A75CDA80040D3CA /* AppDelegate.swift */; };
		64D4AF6A1A75CDA80040D3CA /* Images.xcassets in Resources */ = {isa = PBXBuildFile; fileRef = 64D4AF691A75CDA80040D3CA /* Images.xcassets */; };
		64D4AF831A75CEAE0040D3CA /* EventsViewController.swift in Sources */ = {isa = PBXBuildFile; fileRef = 64D4AF821A75CEAE0040D3CA /* EventsViewController.swift */; };
		64D4AF851A75CF020040D3CA /* SponsorsViewController.swift in Sources */ = {isa = PBXBuildFile; fileRef = 64D4AF841A75CF020040D3CA /* SponsorsViewController.swift */; };
		64D4AF871A75CF1C0040D3CA /* TwitterViewController.swift in Sources */ = {isa = PBXBuildFile; fileRef = 64D4AF861A75CF1C0040D3CA /* TwitterViewController.swift */; };
		64FD63791A76FB0700D89106 /* Event.swift in Sources */ = {isa = PBXBuildFile; fileRef = 64FD63781A76FB0700D89106 /* Event.swift */; };
		AA205FAA5FB53DF9343E091B /* libPods-uMAD.a in Frameworks */ = {isa = PBXBuildFile; fileRef = 3B596628F0847E6A0B2CB8F1 /* libPods-uMAD.a */; };
		D43561501AC62EDA00F7789D /* Company.swift in Sources */ = {isa = PBXBuildFile; fileRef = D435614F1AC62EDA00F7789D /* Company.swift */; };
		D478D1071AB73EBA00563A8A /* Config.swift in Sources */ = {isa = PBXBuildFile; fileRef = D478D1061AB73EBA00563A8A /* Config.swift */; };
		D478D10B1AB7533500563A8A /* LaunchScreen.xib in Resources */ = {isa = PBXBuildFile; fileRef = D478D10A1AB7533500563A8A /* LaunchScreen.xib */; };
		D48AD7391AB783B300F669D7 /* AboutTableHeaderView.swift in Sources */ = {isa = PBXBuildFile; fileRef = D48AD7381AB783B300F669D7 /* AboutTableHeaderView.swift */; };
		D48AD73D1AB78F8800F669D7 /* EventHeaderView.xib in Resources */ = {isa = PBXBuildFile; fileRef = D48AD73C1AB78F8800F669D7 /* EventHeaderView.xib */; };
		D4B769401AD0D59200BA2072 /* TimelineManager.swift in Sources */ = {isa = PBXBuildFile; fileRef = D4B7693F1AD0D59200BA2072 /* TimelineManager.swift */; };
		D4B769421AD0DE3F00BA2072 /* User.swift in Sources */ = {isa = PBXBuildFile; fileRef = D4B769411AD0DE3F00BA2072 /* User.swift */; };
		D4BD32291AB7AB6E004C0811 /* EventTableViewCell.swift in Sources */ = {isa = PBXBuildFile; fileRef = D4BD32281AB7AB6E004C0811 /* EventTableViewCell.swift */; };
		D4D48A7A1ACB9A4400E03D22 /* MapKit.framework in Frameworks */ = {isa = PBXBuildFile; fileRef = D4D48A781ACB969700E03D22 /* MapKit.framework */; };
		D4D48A7C1ACB9A7300E03D22 /* AboutTableHeaderView.xib in Resources */ = {isa = PBXBuildFile; fileRef = D4D48A7B1ACB9A7300E03D22 /* AboutTableHeaderView.xib */; };
		D4D48A7E1ACB9AAB00E03D22 /* CoreLocation.framework in Frameworks */ = {isa = PBXBuildFile; fileRef = D4D48A7D1ACB9AAB00E03D22 /* CoreLocation.framework */; };
/* End PBXBuildFile section */

/* Begin PBXFileReference section */
		05DDE97D92320F02657C9DD4 /* Pods-uMAD.debug.xcconfig */ = {isa = PBXFileReference; includeInIndex = 1; lastKnownFileType = text.xcconfig; name = "Pods-uMAD.debug.xcconfig"; path = "Pods/Target Support Files/Pods-uMAD/Pods-uMAD.debug.xcconfig"; sourceTree = "<group>"; };
		3219C4551A7AD5AD00C3ADEB /* Social.framework */ = {isa = PBXFileReference; lastKnownFileType = wrapper.framework; name = Social.framework; path = System/Library/Frameworks/Social.framework; sourceTree = SDKROOT; };
		3219C4571A7B03E400C3ADEB /* Tweet.swift */ = {isa = PBXFileReference; fileEncoding = 4; lastKnownFileType = sourcecode.swift; path = Tweet.swift; sourceTree = "<group>"; };
		3219C4591A7B067600C3ADEB /* TweetTableViewCell.swift */ = {isa = PBXFileReference; fileEncoding = 4; lastKnownFileType = sourcecode.swift; path = TweetTableViewCell.swift; sourceTree = "<group>"; };
		32E186071A79A75E004EC0B9 /* TweetTableViewCell.xib */ = {isa = PBXFileReference; fileEncoding = 4; lastKnownFileType = file.xib; path = TweetTableViewCell.xib; sourceTree = "<group>"; };
		3B596628F0847E6A0B2CB8F1 /* libPods-uMAD.a */ = {isa = PBXFileReference; explicitFileType = archive.ar; includeInIndex = 0; path = "libPods-uMAD.a"; sourceTree = BUILT_PRODUCTS_DIR; };
		50E322A7AF2F9158B4D144D0 /* Pods-uMAD.release.xcconfig */ = {isa = PBXFileReference; includeInIndex = 1; lastKnownFileType = text.xcconfig; name = "Pods-uMAD.release.xcconfig"; path = "Pods/Target Support Files/Pods-uMAD/Pods-uMAD.release.xcconfig"; sourceTree = "<group>"; };
		6448E4061A7B067B00FB98CA /* EventHeaderView.swift */ = {isa = PBXFileReference; fileEncoding = 4; lastKnownFileType = sourcecode.swift; path = EventHeaderView.swift; sourceTree = "<group>"; };
		64ADB37B1A7C81D900E5BC22 /* AboutViewController.swift */ = {isa = PBXFileReference; fileEncoding = 4; lastKnownFileType = sourcecode.swift; path = AboutViewController.swift; sourceTree = "<group>"; };
		64ADB37D1A7CB1DD00E5BC22 /* LicensesViewController.swift */ = {isa = PBXFileReference; fileEncoding = 4; lastKnownFileType = sourcecode.swift; path = LicensesViewController.swift; sourceTree = "<group>"; };
		64ADB37F1A7CD36000E5BC22 /* LicenseViewController.swift */ = {isa = PBXFileReference; fileEncoding = 4; lastKnownFileType = sourcecode.swift; path = LicenseViewController.swift; sourceTree = "<group>"; };
		64CBDDAA1A75D133008BB167 /* uMAD-Bridging-Header.h */ = {isa = PBXFileReference; lastKnownFileType = sourcecode.c.h; path = "uMAD-Bridging-Header.h"; sourceTree = "<group>"; };
		64CD922E1A7A051E00659946 /* EventViewController.swift */ = {isa = PBXFileReference; fileEncoding = 4; lastKnownFileType = sourcecode.swift; path = EventViewController.swift; sourceTree = "<group>"; };
		64D4AF5D1A75CDA80040D3CA /* uMAD.app */ = {isa = PBXFileReference; explicitFileType = wrapper.application; includeInIndex = 0; path = uMAD.app; sourceTree = BUILT_PRODUCTS_DIR; };
		64D4AF611A75CDA80040D3CA /* Info.plist */ = {isa = PBXFileReference; lastKnownFileType = text.plist.xml; path = Info.plist; sourceTree = "<group>"; };
		64D4AF621A75CDA80040D3CA /* AppDelegate.swift */ = {isa = PBXFileReference; lastKnownFileType = sourcecode.swift; path = AppDelegate.swift; sourceTree = "<group>"; };
		64D4AF691A75CDA80040D3CA /* Images.xcassets */ = {isa = PBXFileReference; lastKnownFileType = folder.assetcatalog; path = Images.xcassets; sourceTree = "<group>"; };
		64D4AF821A75CEAE0040D3CA /* EventsViewController.swift */ = {isa = PBXFileReference; fileEncoding = 4; lastKnownFileType = sourcecode.swift; path = EventsViewController.swift; sourceTree = "<group>"; };
		64D4AF841A75CF020040D3CA /* SponsorsViewController.swift */ = {isa = PBXFileReference; fileEncoding = 4; lastKnownFileType = sourcecode.swift; path = SponsorsViewController.swift; sourceTree = "<group>"; };
		64D4AF861A75CF1C0040D3CA /* TwitterViewController.swift */ = {isa = PBXFileReference; fileEncoding = 4; lastKnownFileType = sourcecode.swift; path = TwitterViewController.swift; sourceTree = "<group>"; };
		64FD63781A76FB0700D89106 /* Event.swift */ = {isa = PBXFileReference; fileEncoding = 4; lastKnownFileType = sourcecode.swift; path = Event.swift; sourceTree = "<group>"; };
		D435614D1AC62ACE00F7789D /* libsqlite3.dylib */ = {isa = PBXFileReference; lastKnownFileType = "compiled.mach-o.dylib"; name = libsqlite3.dylib; path = usr/lib/libsqlite3.dylib; sourceTree = SDKROOT; };
		D435614F1AC62EDA00F7789D /* Company.swift */ = {isa = PBXFileReference; fileEncoding = 4; lastKnownFileType = sourcecode.swift; path = Company.swift; sourceTree = "<group>"; };
		D471113C1ACC911E0035E497 /* libPods-uMAD-ParseUI.a */ = {isa = PBXFileReference; lastKnownFileType = archive.ar; name = "libPods-uMAD-ParseUI.a"; path = "Pods/../build/Debug-iphoneos/libPods-uMAD-ParseUI.a"; sourceTree = "<group>"; };
		D478D1061AB73EBA00563A8A /* Config.swift */ = {isa = PBXFileReference; fileEncoding = 4; lastKnownFileType = sourcecode.swift; path = Config.swift; sourceTree = "<group>"; };
		D478D1081AB7422000563A8A /* Config.template.swift */ = {isa = PBXFileReference; fileEncoding = 4; lastKnownFileType = sourcecode.swift; path = Config.template.swift; sourceTree = "<group>"; };
		D478D10A1AB7533500563A8A /* LaunchScreen.xib */ = {isa = PBXFileReference; fileEncoding = 4; lastKnownFileType = file.xib; path = LaunchScreen.xib; sourceTree = "<group>"; };
		D48AD7381AB783B300F669D7 /* AboutTableHeaderView.swift */ = {isa = PBXFileReference; fileEncoding = 4; lastKnownFileType = sourcecode.swift; path = AboutTableHeaderView.swift; sourceTree = "<group>"; };
		D48AD73C1AB78F8800F669D7 /* EventHeaderView.xib */ = {isa = PBXFileReference; fileEncoding = 4; lastKnownFileType = file.xib; path = EventHeaderView.xib; sourceTree = "<group>"; };
		D4B7693F1AD0D59200BA2072 /* TimelineManager.swift */ = {isa = PBXFileReference; fileEncoding = 4; lastKnownFileType = sourcecode.swift; path = TimelineManager.swift; sourceTree = "<group>"; };
		D4B769411AD0DE3F00BA2072 /* User.swift */ = {isa = PBXFileReference; fileEncoding = 4; lastKnownFileType = sourcecode.swift; path = User.swift; sourceTree = "<group>"; };
		D4BD32281AB7AB6E004C0811 /* EventTableViewCell.swift */ = {isa = PBXFileReference; fileEncoding = 4; lastKnownFileType = sourcecode.swift; path = EventTableViewCell.swift; sourceTree = "<group>"; };
		D4D48A781ACB969700E03D22 /* MapKit.framework */ = {isa = PBXFileReference; lastKnownFileType = wrapper.framework; name = MapKit.framework; path = System/Library/Frameworks/MapKit.framework; sourceTree = SDKROOT; };
		D4D48A7B1ACB9A7300E03D22 /* AboutTableHeaderView.xib */ = {isa = PBXFileReference; fileEncoding = 4; lastKnownFileType = file.xib; path = AboutTableHeaderView.xib; sourceTree = "<group>"; };
		D4D48A7D1ACB9AAB00E03D22 /* CoreLocation.framework */ = {isa = PBXFileReference; lastKnownFileType = wrapper.framework; name = CoreLocation.framework; path = System/Library/Frameworks/CoreLocation.framework; sourceTree = SDKROOT; };
		D4F99C251ACCAAC900ED0A8E /* libc++.dylib */ = {isa = PBXFileReference; lastKnownFileType = "compiled.mach-o.dylib"; name = "libc++.dylib"; path = "usr/lib/libc++.dylib"; sourceTree = SDKROOT; };
/* End PBXFileReference section */

/* Begin PBXFrameworksBuildPhase section */
		64D4AF5A1A75CDA80040D3CA /* Frameworks */ = {
			isa = PBXFrameworksBuildPhase;
			buildActionMask = 2147483647;
			files = (
				D4D48A7E1ACB9AAB00E03D22 /* CoreLocation.framework in Frameworks */,
				D4D48A7A1ACB9A4400E03D22 /* MapKit.framework in Frameworks */,
				3219C4561A7AD5AD00C3ADEB /* Social.framework in Frameworks */,
				AA205FAA5FB53DF9343E091B /* libPods-uMAD.a in Frameworks */,
			);
			runOnlyForDeploymentPostprocessing = 0;
		};
/* End PBXFrameworksBuildPhase section */

/* Begin PBXGroup section */
		40810CBC9317D6633548B7B7 /* Frameworks */ = {
			isa = PBXGroup;
			children = (
				D4F99C251ACCAAC900ED0A8E /* libc++.dylib */,
				D471113C1ACC911E0035E497 /* libPods-uMAD-ParseUI.a */,
				D4D48A7D1ACB9AAB00E03D22 /* CoreLocation.framework */,
				D4D48A781ACB969700E03D22 /* MapKit.framework */,
				D435614D1AC62ACE00F7789D /* libsqlite3.dylib */,
				3219C4551A7AD5AD00C3ADEB /* Social.framework */,
				3B596628F0847E6A0B2CB8F1 /* libPods-uMAD.a */,
			);
			name = Frameworks;
			sourceTree = "<group>";
		};
		625E4F6AED57B350F716AFBF /* Pods */ = {
			isa = PBXGroup;
			children = (
				05DDE97D92320F02657C9DD4 /* Pods-uMAD.debug.xcconfig */,
				50E322A7AF2F9158B4D144D0 /* Pods-uMAD.release.xcconfig */,
			);
			name = Pods;
			sourceTree = "<group>";
		};
		64CD92331A7A073100659946 /* ViewControllers */ = {
			isa = PBXGroup;
			children = (
				64ADB37B1A7C81D900E5BC22 /* AboutViewController.swift */,
				64D4AF821A75CEAE0040D3CA /* EventsViewController.swift */,
				64CD922E1A7A051E00659946 /* EventViewController.swift */,
				64ADB37D1A7CB1DD00E5BC22 /* LicensesViewController.swift */,
				64ADB37F1A7CD36000E5BC22 /* LicenseViewController.swift */,
				64D4AF841A75CF020040D3CA /* SponsorsViewController.swift */,
				64D4AF861A75CF1C0040D3CA /* TwitterViewController.swift */,
			);
			name = ViewControllers;
			sourceTree = "<group>";
		};
		64CD92341A7A074400659946 /* Views */ = {
			isa = PBXGroup;
			children = (
				D48AD7381AB783B300F669D7 /* AboutTableHeaderView.swift */,
				D4D48A7B1ACB9A7300E03D22 /* AboutTableHeaderView.xib */,
				6448E4061A7B067B00FB98CA /* EventHeaderView.swift */,
				D48AD73C1AB78F8800F669D7 /* EventHeaderView.xib */,
				D4BD32281AB7AB6E004C0811 /* EventTableViewCell.swift */,
				3219C4591A7B067600C3ADEB /* TweetTableViewCell.swift */,
				32E186071A79A75E004EC0B9 /* TweetTableViewCell.xib */,
			);
			name = Views;
			sourceTree = "<group>";
		};
		64CD92351A7A075B00659946 /* Models */ = {
			isa = PBXGroup;
			children = (
				D435614F1AC62EDA00F7789D /* Company.swift */,
				64FD63781A76FB0700D89106 /* Event.swift */,
				3219C4571A7B03E400C3ADEB /* Tweet.swift */,
				D4B7693F1AD0D59200BA2072 /* TimelineManager.swift */,
				D4B769411AD0DE3F00BA2072 /* User.swift */,
			);
			name = Models;
			sourceTree = "<group>";
		};
		64D4AF541A75CDA80040D3CA = {
			isa = PBXGroup;
			children = (
				64D4AF5F1A75CDA80040D3CA /* uMAD */,
				64D4AF5E1A75CDA80040D3CA /* Products */,
				625E4F6AED57B350F716AFBF /* Pods */,
				40810CBC9317D6633548B7B7 /* Frameworks */,
			);
			sourceTree = "<group>";
		};
		64D4AF5E1A75CDA80040D3CA /* Products */ = {
			isa = PBXGroup;
			children = (
				64D4AF5D1A75CDA80040D3CA /* uMAD.app */,
			);
			name = Products;
			sourceTree = "<group>";
		};
		64D4AF5F1A75CDA80040D3CA /* uMAD */ = {
			isa = PBXGroup;
			children = (
				64D4AF621A75CDA80040D3CA /* AppDelegate.swift */,
				64CBDDAA1A75D133008BB167 /* uMAD-Bridging-Header.h */,
				64CD92351A7A075B00659946 /* Models */,
				64CD92341A7A074400659946 /* Views */,
				64CD92331A7A073100659946 /* ViewControllers */,
				64D4AF691A75CDA80040D3CA /* Images.xcassets */,
				64D4AF601A75CDA80040D3CA /* Supporting Files */,
				D478D1061AB73EBA00563A8A /* Config.swift */,
				D478D1081AB7422000563A8A /* Config.template.swift */,
				D478D10A1AB7533500563A8A /* LaunchScreen.xib */,
			);
			path = uMAD;
			sourceTree = "<group>";
		};
		64D4AF601A75CDA80040D3CA /* Supporting Files */ = {
			isa = PBXGroup;
			children = (
				64D4AF611A75CDA80040D3CA /* Info.plist */,
			);
			name = "Supporting Files";
			sourceTree = "<group>";
		};
/* End PBXGroup section */

/* Begin PBXNativeTarget section */
		64D4AF5C1A75CDA80040D3CA /* uMAD */ = {
			isa = PBXNativeTarget;
			buildConfigurationList = 64D4AF7C1A75CDA80040D3CA /* Build configuration list for PBXNativeTarget "uMAD" */;
			buildPhases = (
				478F450694F7E661A44BBCB7 /* Check Pods Manifest.lock */,
				64D4AF591A75CDA80040D3CA /* Sources */,
				64D4AF5A1A75CDA80040D3CA /* Frameworks */,
				64D4AF5B1A75CDA80040D3CA /* Resources */,
				A4B90501664D9452D332AD12 /* Copy Pods Resources */,
			);
			buildRules = (
			);
			dependencies = (
			);
			name = uMAD;
			productName = uMAD;
			productReference = 64D4AF5D1A75CDA80040D3CA /* uMAD.app */;
			productType = "com.apple.product-type.application";
		};
/* End PBXNativeTarget section */

/* Begin PBXProject section */
		64D4AF551A75CDA80040D3CA /* Project object */ = {
			isa = PBXProject;
			attributes = {
				LastUpgradeCheck = 0610;
				ORGANIZATIONNAME = com.MAD;
				TargetAttributes = {
					64D4AF5C1A75CDA80040D3CA = {
						CreatedOnToolsVersion = 6.1.1;
						DevelopmentTeam = 2627WG76ES;
					};
				};
			};
			buildConfigurationList = 64D4AF581A75CDA80040D3CA /* Build configuration list for PBXProject "uMAD" */;
			compatibilityVersion = "Xcode 3.2";
			developmentRegion = English;
			hasScannedForEncodings = 0;
			knownRegions = (
				en,
				Base,
				da,
				de,
				"es-ES",
				es,
				fr,
				ja,
				pt,
				"zh-Hans",
				"zh-Hant",
			);
			mainGroup = 64D4AF541A75CDA80040D3CA;
			productRefGroup = 64D4AF5E1A75CDA80040D3CA /* Products */;
			projectDirPath = "";
			projectRoot = "";
			targets = (
				64D4AF5C1A75CDA80040D3CA /* uMAD */,
			);
		};
/* End PBXProject section */

/* Begin PBXResourcesBuildPhase section */
		64D4AF5B1A75CDA80040D3CA /* Resources */ = {
			isa = PBXResourcesBuildPhase;
			buildActionMask = 2147483647;
			files = (
				32E186081A79A75E004EC0B9 /* TweetTableViewCell.xib in Resources */,
				D48AD73D1AB78F8800F669D7 /* EventHeaderView.xib in Resources */,
				64D4AF6A1A75CDA80040D3CA /* Images.xcassets in Resources */,
				D478D10B1AB7533500563A8A /* LaunchScreen.xib in Resources */,
				D4D48A7C1ACB9A7300E03D22 /* AboutTableHeaderView.xib in Resources */,
			);
			runOnlyForDeploymentPostprocessing = 0;
		};
/* End PBXResourcesBuildPhase section */

/* Begin PBXShellScriptBuildPhase section */
		478F450694F7E661A44BBCB7 /* Check Pods Manifest.lock */ = {
			isa = PBXShellScriptBuildPhase;
			buildActionMask = 2147483647;
			files = (
			);
			inputPaths = (
			);
			name = "Check Pods Manifest.lock";
			outputPaths = (
			);
			runOnlyForDeploymentPostprocessing = 0;
			shellPath = /bin/sh;
			shellScript = "diff \"${PODS_ROOT}/../Podfile.lock\" \"${PODS_ROOT}/Manifest.lock\" > /dev/null\nif [[ $? != 0 ]] ; then\n    cat << EOM\nerror: The sandbox is not in sync with the Podfile.lock. Run 'pod install' or update your CocoaPods installation.\nEOM\n    exit 1\nfi\n";
			showEnvVarsInLog = 0;
		};
		A4B90501664D9452D332AD12 /* Copy Pods Resources */ = {
			isa = PBXShellScriptBuildPhase;
			buildActionMask = 2147483647;
			files = (
			);
			inputPaths = (
			);
			name = "Copy Pods Resources";
			outputPaths = (
			);
			runOnlyForDeploymentPostprocessing = 0;
			shellPath = /bin/sh;
			shellScript = "\"${SRCROOT}/Pods/Target Support Files/Pods-uMAD/Pods-uMAD-resources.sh\"\n";
			showEnvVarsInLog = 0;
		};
/* End PBXShellScriptBuildPhase section */

/* Begin PBXSourcesBuildPhase section */
		64D4AF591A75CDA80040D3CA /* Sources */ = {
			isa = PBXSourcesBuildPhase;
			buildActionMask = 2147483647;
			files = (
				D4BD32291AB7AB6E004C0811 /* EventTableViewCell.swift in Sources */,
				6448E4071A7B067B00FB98CA /* EventHeaderView.swift in Sources */,
				64ADB37E1A7CB1DD00E5BC22 /* LicensesViewController.swift in Sources */,
				64D4AF851A75CF020040D3CA /* SponsorsViewController.swift in Sources */,
				64D4AF871A75CF1C0040D3CA /* TwitterViewController.swift in Sources */,
				64D4AF631A75CDA80040D3CA /* AppDelegate.swift in Sources */,
				D43561501AC62EDA00F7789D /* Company.swift in Sources */,
				D48AD7391AB783B300F669D7 /* AboutTableHeaderView.swift in Sources */,
				D4B769401AD0D59200BA2072 /* TimelineManager.swift in Sources */,
				64D4AF831A75CEAE0040D3CA /* EventsViewController.swift in Sources */,
				64CD922F1A7A051E00659946 /* EventViewController.swift in Sources */,
				3219C45A1A7B067600C3ADEB /* TweetTableViewCell.swift in Sources */,
				64FD63791A76FB0700D89106 /* Event.swift in Sources */,
				3219C4581A7B03E400C3ADEB /* Tweet.swift in Sources */,
				D4B769421AD0DE3F00BA2072 /* User.swift in Sources */,
				64ADB37C1A7C81D900E5BC22 /* AboutViewController.swift in Sources */,
				D478D1071AB73EBA00563A8A /* Config.swift in Sources */,
				64ADB3801A7CD36000E5BC22 /* LicenseViewController.swift in Sources */,
			);
			runOnlyForDeploymentPostprocessing = 0;
		};
/* End PBXSourcesBuildPhase section */

/* Begin XCBuildConfiguration section */
		64D4AF7A1A75CDA80040D3CA /* Debug */ = {
			isa = XCBuildConfiguration;
			buildSettings = {
				ALWAYS_SEARCH_USER_PATHS = NO;
				CLANG_CXX_LANGUAGE_STANDARD = "gnu++0x";
				CLANG_CXX_LIBRARY = "libc++";
				CLANG_ENABLE_MODULES = YES;
				CLANG_ENABLE_OBJC_ARC = YES;
				CLANG_WARN_BOOL_CONVERSION = YES;
				CLANG_WARN_CONSTANT_CONVERSION = YES;
				CLANG_WARN_DIRECT_OBJC_ISA_USAGE = YES_ERROR;
				CLANG_WARN_EMPTY_BODY = YES;
				CLANG_WARN_ENUM_CONVERSION = YES;
				CLANG_WARN_INT_CONVERSION = YES;
				CLANG_WARN_OBJC_ROOT_CLASS = YES_ERROR;
				CLANG_WARN_UNREACHABLE_CODE = YES;
				CLANG_WARN__DUPLICATE_METHOD_MATCH = YES;
				"CODE_SIGN_IDENTITY[sdk=iphoneos*]" = "iPhone Developer";
				COPY_PHASE_STRIP = NO;
				ENABLE_STRICT_OBJC_MSGSEND = YES;
				GCC_C_LANGUAGE_STANDARD = gnu99;
				GCC_DYNAMIC_NO_PIC = NO;
				GCC_OPTIMIZATION_LEVEL = 0;
				GCC_PREPROCESSOR_DEFINITIONS = (
					"DEBUG=1",
					"$(inherited)",
				);
				GCC_SYMBOLS_PRIVATE_EXTERN = NO;
				GCC_WARN_64_TO_32_BIT_CONVERSION = YES;
				GCC_WARN_ABOUT_RETURN_TYPE = YES_ERROR;
				GCC_WARN_UNDECLARED_SELECTOR = YES;
				GCC_WARN_UNINITIALIZED_AUTOS = YES_AGGRESSIVE;
				GCC_WARN_UNUSED_FUNCTION = YES;
				GCC_WARN_UNUSED_VARIABLE = YES;
				IPHONEOS_DEPLOYMENT_TARGET = 8.1;
				MTL_ENABLE_DEBUG_INFO = YES;
				ONLY_ACTIVE_ARCH = YES;
				SDKROOT = iphoneos;
				SWIFT_OPTIMIZATION_LEVEL = "-Onone";
			};
			name = Debug;
		};
		64D4AF7B1A75CDA80040D3CA /* Release */ = {
			isa = XCBuildConfiguration;
			buildSettings = {
				ALWAYS_SEARCH_USER_PATHS = NO;
				CLANG_CXX_LANGUAGE_STANDARD = "gnu++0x";
				CLANG_CXX_LIBRARY = "libc++";
				CLANG_ENABLE_MODULES = YES;
				CLANG_ENABLE_OBJC_ARC = YES;
				CLANG_WARN_BOOL_CONVERSION = YES;
				CLANG_WARN_CONSTANT_CONVERSION = YES;
				CLANG_WARN_DIRECT_OBJC_ISA_USAGE = YES_ERROR;
				CLANG_WARN_EMPTY_BODY = YES;
				CLANG_WARN_ENUM_CONVERSION = YES;
				CLANG_WARN_INT_CONVERSION = YES;
				CLANG_WARN_OBJC_ROOT_CLASS = YES_ERROR;
				CLANG_WARN_UNREACHABLE_CODE = YES;
				CLANG_WARN__DUPLICATE_METHOD_MATCH = YES;
				"CODE_SIGN_IDENTITY[sdk=iphoneos*]" = "iPhone Developer";
				COPY_PHASE_STRIP = YES;
				ENABLE_NS_ASSERTIONS = NO;
				ENABLE_STRICT_OBJC_MSGSEND = YES;
				GCC_C_LANGUAGE_STANDARD = gnu99;
				GCC_WARN_64_TO_32_BIT_CONVERSION = YES;
				GCC_WARN_ABOUT_RETURN_TYPE = YES_ERROR;
				GCC_WARN_UNDECLARED_SELECTOR = YES;
				GCC_WARN_UNINITIALIZED_AUTOS = YES_AGGRESSIVE;
				GCC_WARN_UNUSED_FUNCTION = YES;
				GCC_WARN_UNUSED_VARIABLE = YES;
				IPHONEOS_DEPLOYMENT_TARGET = 8.1;
				MTL_ENABLE_DEBUG_INFO = NO;
				SDKROOT = iphoneos;
				VALIDATE_PRODUCT = YES;
			};
			name = Release;
		};
		64D4AF7D1A75CDA80040D3CA /* Debug */ = {
			isa = XCBuildConfiguration;
			baseConfigurationReference = 05DDE97D92320F02657C9DD4 /* Pods-uMAD.debug.xcconfig */;
			buildSettings = {
				ASSETCATALOG_COMPILER_APPICON_NAME = AppIcon;
				ASSETCATALOG_COMPILER_LAUNCHIMAGE_NAME = LaunchImage;
				CLANG_ENABLE_MODULES = YES;
				CODE_SIGN_IDENTITY = "iPhone Developer";
				INFOPLIST_FILE = uMAD/Info.plist;
				LD_RUNPATH_SEARCH_PATHS = "$(inherited) @executable_path/Frameworks";
				LIBRARY_SEARCH_PATHS = (
					"$(inherited)",
					"$(PROJECT_DIR)/build/Debug-iphoneos",
				);
				PRODUCT_NAME = "$(TARGET_NAME)";
				SWIFT_OBJC_BRIDGING_HEADER = "uMAD/uMAD-Bridging-Header.h";
				SWIFT_OPTIMIZATION_LEVEL = "-Onone";
			};
			name = Debug;
		};
		64D4AF7E1A75CDA80040D3CA /* Release */ = {
			isa = XCBuildConfiguration;
			baseConfigurationReference = 50E322A7AF2F9158B4D144D0 /* Pods-uMAD.release.xcconfig */;
			buildSettings = {
				ASSETCATALOG_COMPILER_APPICON_NAME = AppIcon;
				ASSETCATALOG_COMPILER_LAUNCHIMAGE_NAME = LaunchImage;
				CLANG_ENABLE_MODULES = YES;
				CODE_SIGN_IDENTITY = "iPhone Developer";
				INFOPLIST_FILE = uMAD/Info.plist;
				LD_RUNPATH_SEARCH_PATHS = "$(inherited) @executable_path/Frameworks";
				LIBRARY_SEARCH_PATHS = (
					"$(inherited)",
					"$(PROJECT_DIR)/build/Debug-iphoneos",
				);
				PRODUCT_NAME = "$(TARGET_NAME)";
				SWIFT_OBJC_BRIDGING_HEADER = "uMAD/uMAD-Bridging-Header.h";
			};
			name = Release;
		};
/* End XCBuildConfiguration section */

/* Begin XCConfigurationList section */
		64D4AF581A75CDA80040D3CA /* Build configuration list for PBXProject "uMAD" */ = {
			isa = XCConfigurationList;
			buildConfigurations = (
				64D4AF7A1A75CDA80040D3CA /* Debug */,
				64D4AF7B1A75CDA80040D3CA /* Release */,
			);
			defaultConfigurationIsVisible = 0;
			defaultConfigurationName = Release;
		};
		64D4AF7C1A75CDA80040D3CA /* Build configuration list for PBXNativeTarget "uMAD" */ = {
			isa = XCConfigurationList;
			buildConfigurations = (
				64D4AF7D1A75CDA80040D3CA /* Debug */,
				64D4AF7E1A75CDA80040D3CA /* Release */,
			);
			defaultConfigurationIsVisible = 0;
			defaultConfigurationName = Release;
		};
/* End XCConfigurationList section */
	};
	rootObject = 64D4AF551A75CDA80040D3CA /* Project object */;
}
