// !$*UTF8*$!
{
	archiveVersion = 1;
	classes = {
	};
	objectVersion = 46;
	objects = {

/* Begin PBXBuildFile section */
		3219C4561A7AD5AD00C3ADEB /* Social.framework in Frameworks */ = {isa = PBXBuildFile; fileRef = 3219C4551A7AD5AD00C3ADEB /* Social.framework */; };
		6448E4071A7B067B00FB98CA /* EventHeaderView.swift in Sources */ = {isa = PBXBuildFile; fileRef = 6448E4061A7B067B00FB98CA /* EventHeaderView.swift */; };
		64ADB37C1A7C81D900E5BC22 /* AboutViewController.swift in Sources */ = {isa = PBXBuildFile; fileRef = 64ADB37B1A7C81D900E5BC22 /* AboutViewController.swift */; };
		64CD922F1A7A051E00659946 /* SessionViewController.swift in Sources */ = {isa = PBXBuildFile; fileRef = 64CD922E1A7A051E00659946 /* SessionViewController.swift */; };
		64D4AF631A75CDA80040D3CA /* AppDelegate.swift in Sources */ = {isa = PBXBuildFile; fileRef = 64D4AF621A75CDA80040D3CA /* AppDelegate.swift */; };
		64D4AF6A1A75CDA80040D3CA /* Images.xcassets in Resources */ = {isa = PBXBuildFile; fileRef = 64D4AF691A75CDA80040D3CA /* Images.xcassets */; };
		64D4AF851A75CF020040D3CA /* SponsorsViewController.swift in Sources */ = {isa = PBXBuildFile; fileRef = 64D4AF841A75CF020040D3CA /* SponsorsViewController.swift */; };
		64FD63791A76FB0700D89106 /* Session.swift in Sources */ = {isa = PBXBuildFile; fileRef = 64FD63781A76FB0700D89106 /* Session.swift */; };
		880FA4711C1D1C3B00898B19 /* Settings.bundle in Resources */ = {isa = PBXBuildFile; fileRef = 880FA4701C1D1C3B00898B19 /* Settings.bundle */; };
		8840760F1C1BAFB600EBF319 /* SessionsViewController.swift in Sources */ = {isa = PBXBuildFile; fileRef = 8840760E1C1BAFB600EBF319 /* SessionsViewController.swift */; };
		884076131C1BB68A00EBF319 /* SessionTableViewCell.swift in Sources */ = {isa = PBXBuildFile; fileRef = 884076121C1BB68A00EBF319 /* SessionTableViewCell.swift */; };
		88ED37FA7A716EA1C883FD7A /* Pods_uMAD.framework in Frameworks */ = {isa = PBXBuildFile; fileRef = BE149A93C2D28C327E3E9C93 /* Pods_uMAD.framework */; };
		D4171D651C27F3DD00E2975C /* Profile.storyboard in Resources */ = {isa = PBXBuildFile; fileRef = D4171D641C27F3DD00E2975C /* Profile.storyboard */; };
		D4171D671C28925800E2975C /* User.swift in Sources */ = {isa = PBXBuildFile; fileRef = D4171D661C28925800E2975C /* User.swift */; };
		D4171D691C28A83D00E2975C /* UMADApplication.swift in Sources */ = {isa = PBXBuildFile; fileRef = D4171D681C28A83D00E2975C /* UMADApplication.swift */; };
		D4171D6B1C28AACE00E2975C /* UMAD.swift in Sources */ = {isa = PBXBuildFile; fileRef = D4171D6A1C28AACE00E2975C /* UMAD.swift */; };
		D4280C0E1B2DE6070090F8C6 /* UITests.swift in Sources */ = {isa = PBXBuildFile; fileRef = D4280C0D1B2DE6070090F8C6 /* UITests.swift */; };
		D429C6A41C223F4B002AA3E6 /* ProfileViewController.swift in Sources */ = {isa = PBXBuildFile; fileRef = D429C6A31C223F4B002AA3E6 /* ProfileViewController.swift */; };
		D43561501AC62EDA00F7789D /* Company.swift in Sources */ = {isa = PBXBuildFile; fileRef = D435614F1AC62EDA00F7789D /* Company.swift */; };
		D46D47951C05109500B333AF /* Config.swift in Sources */ = {isa = PBXBuildFile; fileRef = D478D1081AB7422000563A8A /* Config.swift */; };
		D46D47971C05157700B333AF /* TimelineViewController.swift in Sources */ = {isa = PBXBuildFile; fileRef = D46D47961C05157700B333AF /* TimelineViewController.swift */; };
		D478D10B1AB7533500563A8A /* LaunchScreen.xib in Resources */ = {isa = PBXBuildFile; fileRef = D478D10A1AB7533500563A8A /* LaunchScreen.xib */; };
		D48AD73D1AB78F8800F669D7 /* EventHeaderView.xib in Resources */ = {isa = PBXBuildFile; fileRef = D48AD73C1AB78F8800F669D7 /* EventHeaderView.xib */; };
		D4B6B60C1C4F3E8B003D382F /* Splash.xib in Resources */ = {isa = PBXBuildFile; fileRef = D4B6B60B1C4F3E8B003D382F /* Splash.xib */; };
		D4B6B60E1C4F3EEC003D382F /* SplashViewController.swift in Sources */ = {isa = PBXBuildFile; fileRef = D4B6B60D1C4F3EEC003D382F /* SplashViewController.swift */; };
		D4D48A7A1ACB9A4400E03D22 /* MapKit.framework in Frameworks */ = {isa = PBXBuildFile; fileRef = D4D48A781ACB969700E03D22 /* MapKit.framework */; };
		D4D48A7C1ACB9A7300E03D22 /* AboutView.xib in Resources */ = {isa = PBXBuildFile; fileRef = D4D48A7B1ACB9A7300E03D22 /* AboutView.xib */; };
		D4D48A7E1ACB9AAB00E03D22 /* CoreLocation.framework in Frameworks */ = {isa = PBXBuildFile; fileRef = D4D48A7D1ACB9AAB00E03D22 /* CoreLocation.framework */; };
		D4E19F281C2CA80100470561 /* UMADSponsor.swift in Sources */ = {isa = PBXBuildFile; fileRef = D4E19F271C2CA80100470561 /* UMADSponsor.swift */; };
		D4E19F2A1C2CA86D00470561 /* UMADApplicationStatus.swift in Sources */ = {isa = PBXBuildFile; fileRef = D4E19F291C2CA86D00470561 /* UMADApplicationStatus.swift */; };
		D4E19F2E1C2D1D5A00470561 /* CredentialsViewController.swift in Sources */ = {isa = PBXBuildFile; fileRef = D4E19F2D1C2D1D5A00470561 /* CredentialsViewController.swift */; };
		D4F4CEDB1C2A39C700220E39 /* LogInViewController.swift in Sources */ = {isa = PBXBuildFile; fileRef = D4F4CEDA1C2A39C700220E39 /* LogInViewController.swift */; };
		D4F7ADD21C54903C0078CBD7 /* SplashInformationView.xib in Resources */ = {isa = PBXBuildFile; fileRef = D4F7ADD11C54903C0078CBD7 /* SplashInformationView.xib */; };
		D4F7ADD41C5490720078CBD7 /* SplashStatusView.xib in Resources */ = {isa = PBXBuildFile; fileRef = D4F7ADD31C5490720078CBD7 /* SplashStatusView.xib */; };
		D4F7ADD81C5491650078CBD7 /* SplashInformationView.swift in Sources */ = {isa = PBXBuildFile; fileRef = D4F7ADD71C5491650078CBD7 /* SplashInformationView.swift */; };
		D4F7ADDA1C54932A0078CBD7 /* SplashStatusView.swift in Sources */ = {isa = PBXBuildFile; fileRef = D4F7ADD91C54932A0078CBD7 /* SplashStatusView.swift */; };
		D4FB7B3E1C2E2BA4000D7283 /* QRCode.swift in Sources */ = {isa = PBXBuildFile; fileRef = D4FB7B3D1C2E2BA4000D7283 /* QRCode.swift */; };
		D4FB7B421C2E364D000D7283 /* CheckInViewController.swift in Sources */ = {isa = PBXBuildFile; fileRef = D4FB7B411C2E364D000D7283 /* CheckInViewController.swift */; };
		D4FB7B441C2F2847000D7283 /* QRScanViewController.swift in Sources */ = {isa = PBXBuildFile; fileRef = D4FB7B431C2F2847000D7283 /* QRScanViewController.swift */; };
		D4FF2D3A1B5DF5EE00A8E2A2 /* Seperable.swift in Sources */ = {isa = PBXBuildFile; fileRef = D4FF2D381B5DEA1600A8E2A2 /* Seperable.swift */; };
/* End PBXBuildFile section */

/* Begin PBXContainerItemProxy section */
		D4280C101B2DE6070090F8C6 /* PBXContainerItemProxy */ = {
			isa = PBXContainerItemProxy;
			containerPortal = 64D4AF551A75CDA80040D3CA /* Project object */;
			proxyType = 1;
			remoteGlobalIDString = 64D4AF5C1A75CDA80040D3CA;
			remoteInfo = uMAD;
		};
/* End PBXContainerItemProxy section */

/* Begin PBXFileReference section */
		0C1A45FE5BC50EC2B5EB0A04 /* Pods-uMAD.debug.xcconfig */ = {isa = PBXFileReference; includeInIndex = 1; lastKnownFileType = text.xcconfig; name = "Pods-uMAD.debug.xcconfig"; path = "Pods/Target Support Files/Pods-uMAD/Pods-uMAD.debug.xcconfig"; sourceTree = "<group>"; };
		3219C4551A7AD5AD00C3ADEB /* Social.framework */ = {isa = PBXFileReference; lastKnownFileType = wrapper.framework; name = Social.framework; path = System/Library/Frameworks/Social.framework; sourceTree = SDKROOT; };
		6448E4061A7B067B00FB98CA /* EventHeaderView.swift */ = {isa = PBXFileReference; fileEncoding = 4; lastKnownFileType = sourcecode.swift; path = EventHeaderView.swift; sourceTree = "<group>"; };
		64ADB37B1A7C81D900E5BC22 /* AboutViewController.swift */ = {isa = PBXFileReference; fileEncoding = 4; lastKnownFileType = sourcecode.swift; path = AboutViewController.swift; sourceTree = "<group>"; };
		64CD922E1A7A051E00659946 /* SessionViewController.swift */ = {isa = PBXFileReference; fileEncoding = 4; lastKnownFileType = sourcecode.swift; path = SessionViewController.swift; sourceTree = "<group>"; };
		64D4AF5D1A75CDA80040D3CA /* uMAD.app */ = {isa = PBXFileReference; explicitFileType = wrapper.application; includeInIndex = 0; path = uMAD.app; sourceTree = BUILT_PRODUCTS_DIR; };
		64D4AF611A75CDA80040D3CA /* Info.plist */ = {isa = PBXFileReference; lastKnownFileType = text.plist.xml; path = Info.plist; sourceTree = "<group>"; };
		64D4AF621A75CDA80040D3CA /* AppDelegate.swift */ = {isa = PBXFileReference; lastKnownFileType = sourcecode.swift; path = AppDelegate.swift; sourceTree = "<group>"; };
		64D4AF691A75CDA80040D3CA /* Images.xcassets */ = {isa = PBXFileReference; lastKnownFileType = folder.assetcatalog; path = Images.xcassets; sourceTree = "<group>"; };
		64D4AF841A75CF020040D3CA /* SponsorsViewController.swift */ = {isa = PBXFileReference; fileEncoding = 4; lastKnownFileType = sourcecode.swift; path = SponsorsViewController.swift; sourceTree = "<group>"; };
		64FD63781A76FB0700D89106 /* Session.swift */ = {isa = PBXFileReference; fileEncoding = 4; lastKnownFileType = sourcecode.swift; path = Session.swift; sourceTree = "<group>"; };
		880FA4701C1D1C3B00898B19 /* Settings.bundle */ = {isa = PBXFileReference; lastKnownFileType = "wrapper.plug-in"; path = Settings.bundle; sourceTree = "<group>"; };
		8840760E1C1BAFB600EBF319 /* SessionsViewController.swift */ = {isa = PBXFileReference; fileEncoding = 4; lastKnownFileType = sourcecode.swift; path = SessionsViewController.swift; sourceTree = "<group>"; };
		884076121C1BB68A00EBF319 /* SessionTableViewCell.swift */ = {isa = PBXFileReference; fileEncoding = 4; lastKnownFileType = sourcecode.swift; path = SessionTableViewCell.swift; sourceTree = "<group>"; };
		BE149A93C2D28C327E3E9C93 /* Pods_uMAD.framework */ = {isa = PBXFileReference; explicitFileType = wrapper.framework; includeInIndex = 0; path = Pods_uMAD.framework; sourceTree = BUILT_PRODUCTS_DIR; };
		D4171D641C27F3DD00E2975C /* Profile.storyboard */ = {isa = PBXFileReference; fileEncoding = 4; lastKnownFileType = file.storyboard; path = Profile.storyboard; sourceTree = "<group>"; };
		D4171D661C28925800E2975C /* User.swift */ = {isa = PBXFileReference; fileEncoding = 4; lastKnownFileType = sourcecode.swift; path = User.swift; sourceTree = "<group>"; };
		D4171D681C28A83D00E2975C /* UMADApplication.swift */ = {isa = PBXFileReference; fileEncoding = 4; lastKnownFileType = sourcecode.swift; path = UMADApplication.swift; sourceTree = "<group>"; };
		D4171D6A1C28AACE00E2975C /* UMAD.swift */ = {isa = PBXFileReference; fileEncoding = 4; lastKnownFileType = sourcecode.swift; path = UMAD.swift; sourceTree = "<group>"; };
		D4280C0B1B2DE6070090F8C6 /* UITests.xctest */ = {isa = PBXFileReference; explicitFileType = wrapper.cfbundle; includeInIndex = 0; path = UITests.xctest; sourceTree = BUILT_PRODUCTS_DIR; };
		D4280C0D1B2DE6070090F8C6 /* UITests.swift */ = {isa = PBXFileReference; lastKnownFileType = sourcecode.swift; path = UITests.swift; sourceTree = "<group>"; };
		D4280C0F1B2DE6070090F8C6 /* Info.plist */ = {isa = PBXFileReference; lastKnownFileType = text.plist.xml; path = Info.plist; sourceTree = "<group>"; };
		D429C6A31C223F4B002AA3E6 /* ProfileViewController.swift */ = {isa = PBXFileReference; fileEncoding = 4; lastKnownFileType = sourcecode.swift; path = ProfileViewController.swift; sourceTree = "<group>"; };
		D435614D1AC62ACE00F7789D /* libsqlite3.dylib */ = {isa = PBXFileReference; lastKnownFileType = "compiled.mach-o.dylib"; name = libsqlite3.dylib; path = usr/lib/libsqlite3.dylib; sourceTree = SDKROOT; };
		D435614F1AC62EDA00F7789D /* Company.swift */ = {isa = PBXFileReference; fileEncoding = 4; lastKnownFileType = sourcecode.swift; path = Company.swift; sourceTree = "<group>"; };
		D46D47931C050B2A00B333AF /* fabricscript.sh */ = {isa = PBXFileReference; fileEncoding = 4; lastKnownFileType = text.script.sh; name = fabricscript.sh; path = ../fabricscript.sh; sourceTree = "<group>"; };
		D46D47961C05157700B333AF /* TimelineViewController.swift */ = {isa = PBXFileReference; fileEncoding = 4; lastKnownFileType = sourcecode.swift; path = TimelineViewController.swift; sourceTree = "<group>"; };
		D471113C1ACC911E0035E497 /* libPods-uMAD-ParseUI.a */ = {isa = PBXFileReference; lastKnownFileType = archive.ar; name = "libPods-uMAD-ParseUI.a"; path = "Pods/../build/Debug-iphoneos/libPods-uMAD-ParseUI.a"; sourceTree = "<group>"; };
		D478D1081AB7422000563A8A /* Config.swift */ = {isa = PBXFileReference; fileEncoding = 4; lastKnownFileType = sourcecode.swift; path = Config.swift; sourceTree = "<group>"; };
		D478D10A1AB7533500563A8A /* LaunchScreen.xib */ = {isa = PBXFileReference; fileEncoding = 4; lastKnownFileType = file.xib; path = LaunchScreen.xib; sourceTree = "<group>"; };
		D48AD73C1AB78F8800F669D7 /* EventHeaderView.xib */ = {isa = PBXFileReference; fileEncoding = 4; lastKnownFileType = file.xib; path = EventHeaderView.xib; sourceTree = "<group>"; };
		D4B6B60B1C4F3E8B003D382F /* Splash.xib */ = {isa = PBXFileReference; fileEncoding = 4; lastKnownFileType = file.xib; path = Splash.xib; sourceTree = "<group>"; };
		D4B6B60D1C4F3EEC003D382F /* SplashViewController.swift */ = {isa = PBXFileReference; fileEncoding = 4; lastKnownFileType = sourcecode.swift; path = SplashViewController.swift; sourceTree = "<group>"; };
		D4D48A781ACB969700E03D22 /* MapKit.framework */ = {isa = PBXFileReference; lastKnownFileType = wrapper.framework; name = MapKit.framework; path = System/Library/Frameworks/MapKit.framework; sourceTree = SDKROOT; };
		D4D48A7B1ACB9A7300E03D22 /* AboutView.xib */ = {isa = PBXFileReference; fileEncoding = 4; lastKnownFileType = file.xib; path = AboutView.xib; sourceTree = "<group>"; };
		D4D48A7D1ACB9AAB00E03D22 /* CoreLocation.framework */ = {isa = PBXFileReference; lastKnownFileType = wrapper.framework; name = CoreLocation.framework; path = System/Library/Frameworks/CoreLocation.framework; sourceTree = SDKROOT; };
		D4E19F271C2CA80100470561 /* UMADSponsor.swift */ = {isa = PBXFileReference; fileEncoding = 4; lastKnownFileType = sourcecode.swift; path = UMADSponsor.swift; sourceTree = "<group>"; };
		D4E19F291C2CA86D00470561 /* UMADApplicationStatus.swift */ = {isa = PBXFileReference; fileEncoding = 4; lastKnownFileType = sourcecode.swift; path = UMADApplicationStatus.swift; sourceTree = "<group>"; };
		D4E19F2D1C2D1D5A00470561 /* CredentialsViewController.swift */ = {isa = PBXFileReference; fileEncoding = 4; lastKnownFileType = sourcecode.swift; path = CredentialsViewController.swift; sourceTree = "<group>"; };
		D4F4CEDA1C2A39C700220E39 /* LogInViewController.swift */ = {isa = PBXFileReference; fileEncoding = 4; lastKnownFileType = sourcecode.swift; path = LogInViewController.swift; sourceTree = "<group>"; };
		D4F7ADD11C54903C0078CBD7 /* SplashInformationView.xib */ = {isa = PBXFileReference; fileEncoding = 4; lastKnownFileType = file.xib; path = SplashInformationView.xib; sourceTree = "<group>"; };
		D4F7ADD31C5490720078CBD7 /* SplashStatusView.xib */ = {isa = PBXFileReference; fileEncoding = 4; lastKnownFileType = file.xib; path = SplashStatusView.xib; sourceTree = "<group>"; };
		D4F7ADD71C5491650078CBD7 /* SplashInformationView.swift */ = {isa = PBXFileReference; fileEncoding = 4; lastKnownFileType = sourcecode.swift; path = SplashInformationView.swift; sourceTree = "<group>"; };
		D4F7ADD91C54932A0078CBD7 /* SplashStatusView.swift */ = {isa = PBXFileReference; fileEncoding = 4; lastKnownFileType = sourcecode.swift; path = SplashStatusView.swift; sourceTree = "<group>"; };
		D4F99C251ACCAAC900ED0A8E /* libc++.dylib */ = {isa = PBXFileReference; lastKnownFileType = "compiled.mach-o.dylib"; name = "libc++.dylib"; path = "usr/lib/libc++.dylib"; sourceTree = SDKROOT; };
		D4FB7B3D1C2E2BA4000D7283 /* QRCode.swift */ = {isa = PBXFileReference; fileEncoding = 4; lastKnownFileType = sourcecode.swift; path = QRCode.swift; sourceTree = "<group>"; };
		D4FB7B411C2E364D000D7283 /* CheckInViewController.swift */ = {isa = PBXFileReference; fileEncoding = 4; lastKnownFileType = sourcecode.swift; path = CheckInViewController.swift; sourceTree = "<group>"; };
		D4FB7B431C2F2847000D7283 /* QRScanViewController.swift */ = {isa = PBXFileReference; fileEncoding = 4; lastKnownFileType = sourcecode.swift; path = QRScanViewController.swift; sourceTree = "<group>"; };
		D4FF2D381B5DEA1600A8E2A2 /* Seperable.swift */ = {isa = PBXFileReference; fileEncoding = 4; lastKnownFileType = sourcecode.swift; path = Seperable.swift; sourceTree = "<group>"; };
		D81563F939CA006D2D94E9F0 /* Pods-uMAD.release.xcconfig */ = {isa = PBXFileReference; includeInIndex = 1; lastKnownFileType = text.xcconfig; name = "Pods-uMAD.release.xcconfig"; path = "Pods/Target Support Files/Pods-uMAD/Pods-uMAD.release.xcconfig"; sourceTree = "<group>"; };
/* End PBXFileReference section */

/* Begin PBXFrameworksBuildPhase section */
		64D4AF5A1A75CDA80040D3CA /* Frameworks */ = {
			isa = PBXFrameworksBuildPhase;
			buildActionMask = 2147483647;
			files = (
				D4D48A7E1ACB9AAB00E03D22 /* CoreLocation.framework in Frameworks */,
				D4D48A7A1ACB9A4400E03D22 /* MapKit.framework in Frameworks */,
				3219C4561A7AD5AD00C3ADEB /* Social.framework in Frameworks */,
				88ED37FA7A716EA1C883FD7A /* Pods_uMAD.framework in Frameworks */,
			);
			runOnlyForDeploymentPostprocessing = 0;
		};
		D4280C081B2DE6070090F8C6 /* Frameworks */ = {
			isa = PBXFrameworksBuildPhase;
			buildActionMask = 2147483647;
			files = (
			);
			runOnlyForDeploymentPostprocessing = 0;
		};
/* End PBXFrameworksBuildPhase section */

/* Begin PBXGroup section */
		35637EEBB4E5838DF357ACA8 /* Pods */ = {
			isa = PBXGroup;
			children = (
				0C1A45FE5BC50EC2B5EB0A04 /* Pods-uMAD.debug.xcconfig */,
				D81563F939CA006D2D94E9F0 /* Pods-uMAD.release.xcconfig */,
			);
			name = Pods;
			sourceTree = "<group>";
		};
		40810CBC9317D6633548B7B7 /* Frameworks */ = {
			isa = PBXGroup;
			children = (
				D4F99C251ACCAAC900ED0A8E /* libc++.dylib */,
				D471113C1ACC911E0035E497 /* libPods-uMAD-ParseUI.a */,
				D4D48A7D1ACB9AAB00E03D22 /* CoreLocation.framework */,
				D4D48A781ACB969700E03D22 /* MapKit.framework */,
				D435614D1AC62ACE00F7789D /* libsqlite3.dylib */,
				3219C4551A7AD5AD00C3ADEB /* Social.framework */,
				BE149A93C2D28C327E3E9C93 /* Pods_uMAD.framework */,
			);
			name = Frameworks;
			sourceTree = "<group>";
		};
		64CD92331A7A073100659946 /* View Controllers */ = {
			isa = PBXGroup;
			children = (
				D4F7ADD51C54908A0078CBD7 /* Splash */,
				D4FB7B3C1C2E2B4C000D7283 /* Profile */,
				64ADB37B1A7C81D900E5BC22 /* AboutViewController.swift */,
				8840760E1C1BAFB600EBF319 /* SessionsViewController.swift */,
				64CD922E1A7A051E00659946 /* SessionViewController.swift */,
				64D4AF841A75CF020040D3CA /* SponsorsViewController.swift */,
				D46D47961C05157700B333AF /* TimelineViewController.swift */,
			);
			name = "View Controllers";
			sourceTree = "<group>";
		};
		64CD92341A7A074400659946 /* Views */ = {
			isa = PBXGroup;
			children = (
				D4F7ADD61C5490950078CBD7 /* Splash */,
				D4D48A7B1ACB9A7300E03D22 /* AboutView.xib */,
				6448E4061A7B067B00FB98CA /* EventHeaderView.swift */,
				D48AD73C1AB78F8800F669D7 /* EventHeaderView.xib */,
				884076121C1BB68A00EBF319 /* SessionTableViewCell.swift */,
				D4171D641C27F3DD00E2975C /* Profile.storyboard */,
			);
			name = Views;
			sourceTree = "<group>";
		};
		64CD92351A7A075B00659946 /* Models */ = {
			isa = PBXGroup;
			children = (
				D435614F1AC62EDA00F7789D /* Company.swift */,
				64FD63781A76FB0700D89106 /* Session.swift */,
				D4171D661C28925800E2975C /* User.swift */,
				D4171D681C28A83D00E2975C /* UMADApplication.swift */,
				D4E19F291C2CA86D00470561 /* UMADApplicationStatus.swift */,
				D4E19F271C2CA80100470561 /* UMADSponsor.swift */,
				D4171D6A1C28AACE00E2975C /* UMAD.swift */,
			);
			name = Models;
			sourceTree = "<group>";
		};
		64D4AF541A75CDA80040D3CA = {
			isa = PBXGroup;
			children = (
				64D4AF5F1A75CDA80040D3CA /* uMAD */,
				64D4AF601A75CDA80040D3CA /* Supporting Files */,
				D4280C0C1B2DE6070090F8C6 /* UITests */,
				64D4AF5E1A75CDA80040D3CA /* Products */,
				40810CBC9317D6633548B7B7 /* Frameworks */,
				35637EEBB4E5838DF357ACA8 /* Pods */,
			);
			sourceTree = "<group>";
		};
		64D4AF5E1A75CDA80040D3CA /* Products */ = {
			isa = PBXGroup;
			children = (
				64D4AF5D1A75CDA80040D3CA /* uMAD.app */,
				D4280C0B1B2DE6070090F8C6 /* UITests.xctest */,
			);
			name = Products;
			sourceTree = "<group>";
		};
		64D4AF5F1A75CDA80040D3CA /* uMAD */ = {
			isa = PBXGroup;
			children = (
				64D4AF621A75CDA80040D3CA /* AppDelegate.swift */,
				64CD92351A7A075B00659946 /* Models */,
				64CD92341A7A074400659946 /* Views */,
				64CD92331A7A073100659946 /* View Controllers */,
				64D4AF691A75CDA80040D3CA /* Images.xcassets */,
				D478D10A1AB7533500563A8A /* LaunchScreen.xib */,
				D478D1081AB7422000563A8A /* Config.swift */,
				D4FF2D381B5DEA1600A8E2A2 /* Seperable.swift */,
				D4FB7B3D1C2E2BA4000D7283 /* QRCode.swift */,
				D4FB7B431C2F2847000D7283 /* QRScanViewController.swift */,
			);
			path = uMAD;
			sourceTree = "<group>";
		};
		64D4AF601A75CDA80040D3CA /* Supporting Files */ = {
			isa = PBXGroup;
			children = (
				D46D47931C050B2A00B333AF /* fabricscript.sh */,
				64D4AF611A75CDA80040D3CA /* Info.plist */,
				880FA4701C1D1C3B00898B19 /* Settings.bundle */,
			);
			name = "Supporting Files";
			path = uMAD;
			sourceTree = "<group>";
		};
		D4280C0C1B2DE6070090F8C6 /* UITests */ = {
			isa = PBXGroup;
			children = (
				D4280C0D1B2DE6070090F8C6 /* UITests.swift */,
				D4280C0F1B2DE6070090F8C6 /* Info.plist */,
			);
			path = UITests;
			sourceTree = "<group>";
		};
		D4F7ADD51C54908A0078CBD7 /* Splash */ = {
			isa = PBXGroup;
			children = (
				D4B6B60D1C4F3EEC003D382F /* SplashViewController.swift */,
				D4F7ADD71C5491650078CBD7 /* SplashInformationView.swift */,
				D4F7ADD91C54932A0078CBD7 /* SplashStatusView.swift */,
			);
			name = Splash;
			sourceTree = "<group>";
		};
		D4F7ADD61C5490950078CBD7 /* Splash */ = {
			isa = PBXGroup;
			children = (
				D4B6B60B1C4F3E8B003D382F /* Splash.xib */,
				D4F7ADD11C54903C0078CBD7 /* SplashInformationView.xib */,
				D4F7ADD31C5490720078CBD7 /* SplashStatusView.xib */,
			);
			name = Splash;
			sourceTree = "<group>";
		};
		D4FB7B3C1C2E2B4C000D7283 /* Profile */ = {
			isa = PBXGroup;
			children = (
				D429C6A31C223F4B002AA3E6 /* ProfileViewController.swift */,
				D4F4CEDA1C2A39C700220E39 /* LogInViewController.swift */,
				D4FB7B411C2E364D000D7283 /* CheckInViewController.swift */,
				D4E19F2D1C2D1D5A00470561 /* CredentialsViewController.swift */,
			);
			name = Profile;
			sourceTree = "<group>";
		};
/* End PBXGroup section */

/* Begin PBXNativeTarget section */
		64D4AF5C1A75CDA80040D3CA /* uMAD */ = {
			isa = PBXNativeTarget;
			buildConfigurationList = 64D4AF7C1A75CDA80040D3CA /* Build configuration list for PBXNativeTarget "uMAD" */;
			buildPhases = (
				68F74EC94E7CBBAA8327548B /* Check Pods Manifest.lock */,
				2815F5DB9ED70A1F4510C569 /* Copy Pods Resources */,
				64D4AF591A75CDA80040D3CA /* Sources */,
				64D4AF5A1A75CDA80040D3CA /* Frameworks */,
				64D4AF5B1A75CDA80040D3CA /* Resources */,
				D46D47921C05099500B333AF /* ShellScript */,
				D4171D6C1C28ADC700E2975C /* ShellScript */,
				D1C8ED5C8290969B78F0A06C /* Embed Pods Frameworks */,
			);
			buildRules = (
			);
			dependencies = (
			);
			name = uMAD;
			productName = uMAD;
			productReference = 64D4AF5D1A75CDA80040D3CA /* uMAD.app */;
			productType = "com.apple.product-type.application";
		};
		D4280C0A1B2DE6070090F8C6 /* UITests */ = {
			isa = PBXNativeTarget;
			buildConfigurationList = D4280C141B2DE6070090F8C6 /* Build configuration list for PBXNativeTarget "UITests" */;
			buildPhases = (
				D4280C071B2DE6070090F8C6 /* Sources */,
				D4280C081B2DE6070090F8C6 /* Frameworks */,
				D4280C091B2DE6070090F8C6 /* Resources */,
			);
			buildRules = (
			);
			dependencies = (
				D4280C111B2DE6070090F8C6 /* PBXTargetDependency */,
			);
			name = UITests;
			productName = UITests;
			productReference = D4280C0B1B2DE6070090F8C6 /* UITests.xctest */;
			productType = "com.apple.product-type.bundle.ui-testing";
		};
/* End PBXNativeTarget section */

/* Begin PBXProject section */
		64D4AF551A75CDA80040D3CA /* Project object */ = {
			isa = PBXProject;
			attributes = {
				LastSwiftUpdateCheck = 0700;
				LastUpgradeCheck = 0700;
				ORGANIZATIONNAME = com.MAD;
				TargetAttributes = {
					64D4AF5C1A75CDA80040D3CA = {
						CreatedOnToolsVersion = 6.1.1;
						DevelopmentTeam = 2627WG76ES;
						SystemCapabilities = {
							com.apple.Push = {
								enabled = 1;
							};
						};
					};
					D4280C0A1B2DE6070090F8C6 = {
						CreatedOnToolsVersion = 7.0;
						TestTargetID = 64D4AF5C1A75CDA80040D3CA;
					};
				};
			};
			buildConfigurationList = 64D4AF581A75CDA80040D3CA /* Build configuration list for PBXProject "uMAD" */;
			compatibilityVersion = "Xcode 3.2";
			developmentRegion = English;
			hasScannedForEncodings = 0;
			knownRegions = (
				en,
				Base,
				da,
				de,
				"es-ES",
				es,
				fr,
				ja,
				pt,
				"zh-Hans",
				"zh-Hant",
			);
			mainGroup = 64D4AF541A75CDA80040D3CA;
			productRefGroup = 64D4AF5E1A75CDA80040D3CA /* Products */;
			projectDirPath = "";
			projectRoot = "";
			targets = (
				64D4AF5C1A75CDA80040D3CA /* uMAD */,
				D4280C0A1B2DE6070090F8C6 /* UITests */,
			);
		};
/* End PBXProject section */

/* Begin PBXResourcesBuildPhase section */
		64D4AF5B1A75CDA80040D3CA /* Resources */ = {
			isa = PBXResourcesBuildPhase;
			buildActionMask = 2147483647;
			files = (
				D4171D651C27F3DD00E2975C /* Profile.storyboard in Resources */,
				D48AD73D1AB78F8800F669D7 /* EventHeaderView.xib in Resources */,
				D4F7ADD41C5490720078CBD7 /* SplashStatusView.xib in Resources */,
				D4B6B60C1C4F3E8B003D382F /* Splash.xib in Resources */,
				64D4AF6A1A75CDA80040D3CA /* Images.xcassets in Resources */,
				880FA4711C1D1C3B00898B19 /* Settings.bundle in Resources */,
				D478D10B1AB7533500563A8A /* LaunchScreen.xib in Resources */,
				D4F7ADD21C54903C0078CBD7 /* SplashInformationView.xib in Resources */,
				D4D48A7C1ACB9A7300E03D22 /* AboutView.xib in Resources */,
			);
			runOnlyForDeploymentPostprocessing = 0;
		};
		D4280C091B2DE6070090F8C6 /* Resources */ = {
			isa = PBXResourcesBuildPhase;
			buildActionMask = 2147483647;
			files = (
			);
			runOnlyForDeploymentPostprocessing = 0;
		};
/* End PBXResourcesBuildPhase section */

/* Begin PBXShellScriptBuildPhase section */
		2815F5DB9ED70A1F4510C569 /* Copy Pods Resources */ = {
			isa = PBXShellScriptBuildPhase;
			buildActionMask = 2147483647;
			files = (
			);
			inputPaths = (
			);
			name = "Copy Pods Resources";
			outputPaths = (
			);
			runOnlyForDeploymentPostprocessing = 0;
			shellPath = /bin/sh;
			shellScript = "\"${SRCROOT}/Pods/Target Support Files/Pods-uMAD/Pods-uMAD-resources.sh\"\n";
			showEnvVarsInLog = 0;
		};
		68F74EC94E7CBBAA8327548B /* Check Pods Manifest.lock */ = {
			isa = PBXShellScriptBuildPhase;
			buildActionMask = 2147483647;
			files = (
			);
			inputPaths = (
			);
			name = "Check Pods Manifest.lock";
			outputPaths = (
			);
			runOnlyForDeploymentPostprocessing = 0;
			shellPath = /bin/sh;
			shellScript = "diff \"${PODS_ROOT}/../Podfile.lock\" \"${PODS_ROOT}/Manifest.lock\" > /dev/null\nif [[ $? != 0 ]] ; then\n    cat << EOM\nerror: The sandbox is not in sync with the Podfile.lock. Run 'pod install' or update your CocoaPods installation.\nEOM\n    exit 1\nfi\n";
			showEnvVarsInLog = 0;
		};
		D1C8ED5C8290969B78F0A06C /* Embed Pods Frameworks */ = {
			isa = PBXShellScriptBuildPhase;
			buildActionMask = 2147483647;
			files = (
			);
			inputPaths = (
			);
			name = "Embed Pods Frameworks";
			outputPaths = (
			);
			runOnlyForDeploymentPostprocessing = 0;
			shellPath = /bin/sh;
			shellScript = "\"${SRCROOT}/Pods/Target Support Files/Pods-uMAD/Pods-uMAD-frameworks.sh\"\n";
			showEnvVarsInLog = 0;
		};
		D4171D6C1C28ADC700E2975C /* ShellScript */ = {
			isa = PBXShellScriptBuildPhase;
			buildActionMask = 2147483647;
			files = (
			);
			inputPaths = (
			);
			outputPaths = (
			);
			runOnlyForDeploymentPostprocessing = 0;
			shellPath = /bin/sh;
			shellScript = "if which swiftlint >/dev/null; then\nswiftlint\nelse\necho \"SwiftLint does not exist, download from https://github.com/realm/SwiftLint\"\nfi";
		};
		D46D47921C05099500B333AF /* ShellScript */ = {
			isa = PBXShellScriptBuildPhase;
			buildActionMask = 2147483647;
			files = (
			);
			inputPaths = (
			);
			outputPaths = (
			);
			runOnlyForDeploymentPostprocessing = 0;
			shellPath = /bin/sh;
			shellScript = "";
		};
/* End PBXShellScriptBuildPhase section */

/* Begin PBXSourcesBuildPhase section */
		64D4AF591A75CDA80040D3CA /* Sources */ = {
			isa = PBXSourcesBuildPhase;
			buildActionMask = 2147483647;
			files = (
				D429C6A41C223F4B002AA3E6 /* ProfileViewController.swift in Sources */,
				6448E4071A7B067B00FB98CA /* EventHeaderView.swift in Sources */,
				D4F4CEDB1C2A39C700220E39 /* LogInViewController.swift in Sources */,
				64D4AF851A75CF020040D3CA /* SponsorsViewController.swift in Sources */,
				D4FB7B421C2E364D000D7283 /* CheckInViewController.swift in Sources */,
				D46D47951C05109500B333AF /* Config.swift in Sources */,
				D4E19F281C2CA80100470561 /* UMADSponsor.swift in Sources */,
				D4FF2D3A1B5DF5EE00A8E2A2 /* Seperable.swift in Sources */,
				64D4AF631A75CDA80040D3CA /* AppDelegate.swift in Sources */,
				D4F7ADDA1C54932A0078CBD7 /* SplashStatusView.swift in Sources */,
				D43561501AC62EDA00F7789D /* Company.swift in Sources */,
				D4FB7B3E1C2E2BA4000D7283 /* QRCode.swift in Sources */,
				D4171D6B1C28AACE00E2975C /* UMAD.swift in Sources */,
				D4FB7B441C2F2847000D7283 /* QRScanViewController.swift in Sources */,
				D4F7ADD81C5491650078CBD7 /* SplashInformationView.swift in Sources */,
				D4171D671C28925800E2975C /* User.swift in Sources */,
				64CD922F1A7A051E00659946 /* SessionViewController.swift in Sources */,
				D4B6B60E1C4F3EEC003D382F /* SplashViewController.swift in Sources */,
				D4E19F2E1C2D1D5A00470561 /* CredentialsViewController.swift in Sources */,
				64FD63791A76FB0700D89106 /* Session.swift in Sources */,
				D4171D691C28A83D00E2975C /* UMADApplication.swift in Sources */,
				D46D47971C05157700B333AF /* TimelineViewController.swift in Sources */,
				8840760F1C1BAFB600EBF319 /* SessionsViewController.swift in Sources */,
				D4E19F2A1C2CA86D00470561 /* UMADApplicationStatus.swift in Sources */,
				884076131C1BB68A00EBF319 /* SessionTableViewCell.swift in Sources */,
				64ADB37C1A7C81D900E5BC22 /* AboutViewController.swift in Sources */,
			);
			runOnlyForDeploymentPostprocessing = 0;
		};
		D4280C071B2DE6070090F8C6 /* Sources */ = {
			isa = PBXSourcesBuildPhase;
			buildActionMask = 2147483647;
			files = (
				D4280C0E1B2DE6070090F8C6 /* UITests.swift in Sources */,
			);
			runOnlyForDeploymentPostprocessing = 0;
		};
/* End PBXSourcesBuildPhase section */

/* Begin PBXTargetDependency section */
		D4280C111B2DE6070090F8C6 /* PBXTargetDependency */ = {
			isa = PBXTargetDependency;
			target = 64D4AF5C1A75CDA80040D3CA /* uMAD */;
			targetProxy = D4280C101B2DE6070090F8C6 /* PBXContainerItemProxy */;
		};
/* End PBXTargetDependency section */

/* Begin XCBuildConfiguration section */
		64D4AF7A1A75CDA80040D3CA /* Debug */ = {
			isa = XCBuildConfiguration;
			buildSettings = {
				ALWAYS_SEARCH_USER_PATHS = NO;
				CLANG_CXX_LANGUAGE_STANDARD = "gnu++0x";
				CLANG_CXX_LIBRARY = "libc++";
				CLANG_ENABLE_MODULES = YES;
				CLANG_ENABLE_OBJC_ARC = YES;
				CLANG_WARN_BOOL_CONVERSION = YES;
				CLANG_WARN_CONSTANT_CONVERSION = YES;
				CLANG_WARN_DIRECT_OBJC_ISA_USAGE = YES_ERROR;
				CLANG_WARN_EMPTY_BODY = YES;
				CLANG_WARN_ENUM_CONVERSION = YES;
				CLANG_WARN_INT_CONVERSION = YES;
				CLANG_WARN_OBJC_ROOT_CLASS = YES_ERROR;
				CLANG_WARN_UNREACHABLE_CODE = YES;
				CLANG_WARN__DUPLICATE_METHOD_MATCH = YES;
				"CODE_SIGN_IDENTITY[sdk=iphoneos*]" = "iPhone Developer";
				COPY_PHASE_STRIP = NO;
				ENABLE_STRICT_OBJC_MSGSEND = YES;
				ENABLE_TESTABILITY = YES;
				GCC_C_LANGUAGE_STANDARD = gnu99;
				GCC_DYNAMIC_NO_PIC = NO;
				GCC_OPTIMIZATION_LEVEL = 0;
				GCC_PREPROCESSOR_DEFINITIONS = (
					"DEBUG=1",
					"$(inherited)",
				);
				GCC_SYMBOLS_PRIVATE_EXTERN = NO;
				GCC_WARN_64_TO_32_BIT_CONVERSION = YES;
				GCC_WARN_ABOUT_RETURN_TYPE = YES_ERROR;
				GCC_WARN_UNDECLARED_SELECTOR = YES;
				GCC_WARN_UNINITIALIZED_AUTOS = YES_AGGRESSIVE;
				GCC_WARN_UNUSED_FUNCTION = YES;
				GCC_WARN_UNUSED_VARIABLE = YES;
				IPHONEOS_DEPLOYMENT_TARGET = 9.2;
				MTL_ENABLE_DEBUG_INFO = YES;
				ONLY_ACTIVE_ARCH = YES;
				SDKROOT = iphoneos;
				SWIFT_OPTIMIZATION_LEVEL = "-Onone";
			};
			name = Debug;
		};
		64D4AF7B1A75CDA80040D3CA /* Release */ = {
			isa = XCBuildConfiguration;
			buildSettings = {
				ALWAYS_SEARCH_USER_PATHS = NO;
				CLANG_CXX_LANGUAGE_STANDARD = "gnu++0x";
				CLANG_CXX_LIBRARY = "libc++";
				CLANG_ENABLE_MODULES = YES;
				CLANG_ENABLE_OBJC_ARC = YES;
				CLANG_WARN_BOOL_CONVERSION = YES;
				CLANG_WARN_CONSTANT_CONVERSION = YES;
				CLANG_WARN_DIRECT_OBJC_ISA_USAGE = YES_ERROR;
				CLANG_WARN_EMPTY_BODY = YES;
				CLANG_WARN_ENUM_CONVERSION = YES;
				CLANG_WARN_INT_CONVERSION = YES;
				CLANG_WARN_OBJC_ROOT_CLASS = YES_ERROR;
				CLANG_WARN_UNREACHABLE_CODE = YES;
				CLANG_WARN__DUPLICATE_METHOD_MATCH = YES;
				"CODE_SIGN_IDENTITY[sdk=iphoneos*]" = "iPhone Developer";
				COPY_PHASE_STRIP = YES;
				ENABLE_NS_ASSERTIONS = NO;
				ENABLE_STRICT_OBJC_MSGSEND = YES;
				GCC_C_LANGUAGE_STANDARD = gnu99;
				GCC_WARN_64_TO_32_BIT_CONVERSION = YES;
				GCC_WARN_ABOUT_RETURN_TYPE = YES_ERROR;
				GCC_WARN_UNDECLARED_SELECTOR = YES;
				GCC_WARN_UNINITIALIZED_AUTOS = YES_AGGRESSIVE;
				GCC_WARN_UNUSED_FUNCTION = YES;
				GCC_WARN_UNUSED_VARIABLE = YES;
				IPHONEOS_DEPLOYMENT_TARGET = 9.2;
				MTL_ENABLE_DEBUG_INFO = NO;
				SDKROOT = iphoneos;
				VALIDATE_PRODUCT = YES;
			};
			name = Release;
		};
		64D4AF7D1A75CDA80040D3CA /* Debug */ = {
			isa = XCBuildConfiguration;
			baseConfigurationReference = 0C1A45FE5BC50EC2B5EB0A04 /* Pods-uMAD.debug.xcconfig */;
			buildSettings = {
				ASSETCATALOG_COMPILER_APPICON_NAME = AppIcon;
				ASSETCATALOG_COMPILER_LAUNCHIMAGE_NAME = LaunchImage;
				CLANG_ENABLE_MODULES = YES;
				CODE_SIGN_IDENTITY = "iPhone Developer";
				"CODE_SIGN_IDENTITY[sdk=iphoneos*]" = "iPhone Developer";
				INFOPLIST_FILE = uMAD/Info.plist;
				IPHONEOS_DEPLOYMENT_TARGET = 9.2;
				LD_RUNPATH_SEARCH_PATHS = "$(inherited) @executable_path/Frameworks";
				LIBRARY_SEARCH_PATHS = (
					"$(inherited)",
					"$(PROJECT_DIR)/build/Debug-iphoneos",
				);
				PRODUCT_BUNDLE_IDENTIFIER = MAD.uMAD.2016;
				PRODUCT_NAME = "$(TARGET_NAME)";
				PROVISIONING_PROFILE = "";
				SWIFT_OBJC_BRIDGING_HEADER = "";
				SWIFT_OPTIMIZATION_LEVEL = "-Onone";
			};
			name = Debug;
		};
		64D4AF7E1A75CDA80040D3CA /* Release */ = {
			isa = XCBuildConfiguration;
			baseConfigurationReference = D81563F939CA006D2D94E9F0 /* Pods-uMAD.release.xcconfig */;
			buildSettings = {
				ASSETCATALOG_COMPILER_APPICON_NAME = AppIcon;
				ASSETCATALOG_COMPILER_LAUNCHIMAGE_NAME = LaunchImage;
				CLANG_ENABLE_MODULES = YES;
				CODE_SIGN_IDENTITY = "iPhone Developer";
				"CODE_SIGN_IDENTITY[sdk=iphoneos*]" = "iPhone Developer";
				INFOPLIST_FILE = uMAD/Info.plist;
				IPHONEOS_DEPLOYMENT_TARGET = 9.2;
				LD_RUNPATH_SEARCH_PATHS = "$(inherited) @executable_path/Frameworks";
				LIBRARY_SEARCH_PATHS = (
					"$(inherited)",
					"$(PROJECT_DIR)/build/Debug-iphoneos",
				);
				PRODUCT_BUNDLE_IDENTIFIER = MAD.uMAD.2016;
				PRODUCT_NAME = "$(TARGET_NAME)";
				PROVISIONING_PROFILE = "";
				SWIFT_OBJC_BRIDGING_HEADER = "";
			};
			name = Release;
		};
		D4280C121B2DE6070090F8C6 /* Debug */ = {
			isa = XCBuildConfiguration;
			buildSettings = {
				DEBUG_INFORMATION_FORMAT = dwarf;
				GCC_NO_COMMON_BLOCKS = YES;
				INFOPLIST_FILE = UITests/Info.plist;
				LD_RUNPATH_SEARCH_PATHS = "$(inherited) @executable_path/Frameworks @loader_path/Frameworks";
				PRODUCT_BUNDLE_IDENTIFIER = mad.UITests;
				PRODUCT_NAME = "$(TARGET_NAME)";
				TEST_TARGET_NAME = uMAD;
				USES_XCTRUNNER = YES;
			};
			name = Debug;
		};
		D4280C131B2DE6070090F8C6 /* Release */ = {
			isa = XCBuildConfiguration;
			buildSettings = {
				COPY_PHASE_STRIP = NO;
				DEBUG_INFORMATION_FORMAT = "dwarf-with-dsym";
				GCC_NO_COMMON_BLOCKS = YES;
				INFOPLIST_FILE = UITests/Info.plist;
				LD_RUNPATH_SEARCH_PATHS = "$(inherited) @executable_path/Frameworks @loader_path/Frameworks";
				PRODUCT_BUNDLE_IDENTIFIER = mad.UITests;
				PRODUCT_NAME = "$(TARGET_NAME)";
				TEST_TARGET_NAME = uMAD;
				USES_XCTRUNNER = YES;
			};
			name = Release;
		};
/* End XCBuildConfiguration section */

/* Begin XCConfigurationList section */
		64D4AF581A75CDA80040D3CA /* Build configuration list for PBXProject "uMAD" */ = {
			isa = XCConfigurationList;
			buildConfigurations = (
				64D4AF7A1A75CDA80040D3CA /* Debug */,
				64D4AF7B1A75CDA80040D3CA /* Release */,
			);
			defaultConfigurationIsVisible = 0;
			defaultConfigurationName = Release;
		};
		64D4AF7C1A75CDA80040D3CA /* Build configuration list for PBXNativeTarget "uMAD" */ = {
			isa = XCConfigurationList;
			buildConfigurations = (
				64D4AF7D1A75CDA80040D3CA /* Debug */,
				64D4AF7E1A75CDA80040D3CA /* Release */,
			);
			defaultConfigurationIsVisible = 0;
			defaultConfigurationName = Release;
		};
		D4280C141B2DE6070090F8C6 /* Build configuration list for PBXNativeTarget "UITests" */ = {
			isa = XCConfigurationList;
			buildConfigurations = (
				D4280C121B2DE6070090F8C6 /* Debug */,
				D4280C131B2DE6070090F8C6 /* Release */,
			);
			defaultConfigurationIsVisible = 0;
			defaultConfigurationName = Release;
		};
/* End XCConfigurationList section */
	};
	rootObject = 64D4AF551A75CDA80040D3CA /* Project object */;
}
